<?xml version="1.0" encoding="utf-8"?>
<Project ToolsVersion="4.0" xmlns="http://schemas.microsoft.com/developer/msbuild/2003">
  <ItemGroup>
    <ClInclude Include="Src\Pch.h">
      <Filter>Src</Filter>
    </ClInclude>
    <ClInclude Include="Src\Graphics\GraphicsDevice.h">
      <Filter>Src\Graphics</Filter>
    </ClInclude>
    <ClInclude Include="Src\Graphics\Heap\CBVSRVUAVHeap\CBVSRVUAVHeap.h">
      <Filter>Src\Graphics\Heap\CBVSRVUAVHeap</Filter>
    </ClInclude>
    <ClInclude Include="Src\Graphics\Heap\Heap.h">
      <Filter>Src\Graphics\Heap</Filter>
    </ClInclude>
    <ClInclude Include="Src\Graphics\Heap\RTVHeap\RTVHeap.h">
      <Filter>Src\Graphics\Heap\RTVHeap</Filter>
    </ClInclude>
    <ClInclude Include="Src\Graphics\Mesh\Mesh.h">
      <Filter>Src\Graphics\Mesh</Filter>
    </ClInclude>
    <ClInclude Include="Src\Graphics\Shader\Pipeline\Pipeline.h">
      <Filter>Src\Graphics\Shader\Pipeline</Filter>
    </ClInclude>
    <ClInclude Include="Src\Graphics\Shader\RootSignature\RootSignature.h">
      <Filter>Src\Graphics\Shader\RootSignature</Filter>
    </ClInclude>
    <ClInclude Include="Src\Graphics\Shader\Shader.h">
      <Filter>Src\Graphics\Shader</Filter>
    </ClInclude>
    <ClInclude Include="Src\Window\WindowsWindow.h">
      <Filter>Src\Window</Filter>
    </ClInclude>
    <ClInclude Include="Src\Graphics\Texture\Texture.h">
      <Filter>Src\Graphics</Filter>
    </ClInclude>
  </ItemGroup>
  <ItemGroup>
    <ClCompile Include="Src\main.cpp">
      <Filter>Src</Filter>
    </ClCompile>
    <ClCompile Include="Src\Pch.cpp">
      <Filter>Src</Filter>
    </ClCompile>
    <ClCompile Include="Src\Graphics\GraphicsDevice.cpp">
      <Filter>Src\Graphics</Filter>
    </ClCompile>
    <ClCompile Include="Src\Graphics\Heap\CBVSRVUAVHeap\CBVSRVUAVHeap.cpp">
      <Filter>Src\Graphics\Heap\CBVSRVUAVHeap</Filter>
    </ClCompile>
    <ClCompile Include="Src\Graphics\Heap\RTVHeap\RTVHeap.cpp">
      <Filter>Src\Graphics\Heap\RTVHeap</Filter>
    </ClCompile>
    <ClCompile Include="Src\Graphics\Mesh\Mesh.cpp">
      <Filter>Src\Graphics\Mesh</Filter>
    </ClCompile>
    <ClCompile Include="Src\Graphics\Shader\Pipeline\Pipeline.cpp">
      <Filter>Src\Graphics\Shader\Pipeline</Filter>
    </ClCompile>
    <ClCompile Include="Src\Graphics\Shader\RootSignature\RootSignature.cpp">
      <Filter>Src\Graphics\Shader\RootSignature</Filter>
    </ClCompile>
    <ClCompile Include="Src\Graphics\Shader\Shader.cpp">
      <Filter>Src\Graphics\Shader</Filter>
    </ClCompile>
    <ClCompile Include="Src\Window\WindowsWindow.cpp">
      <Filter>Src\Window</Filter>
    </ClCompile>
    <ClCompile Include="Src\Graphics\Texture\Texture.cpp">
      <Filter>Src\Graphics</Filter>
    </ClCompile>
  </ItemGroup>
  <ItemGroup>
    <FxCompile Include="Assets\Shader\BasicShader_PS.hlsl">
      <Filter>Assets\Shader</Filter>
    </FxCompile>
    <FxCompile Include="Assets\Shader\BasicShader_VS.hlsl">
      <Filter>Assets\Shader</Filter>
    </FxCompile>
  </ItemGroup>
  <ItemGroup>
    <None Include="packages.config" />
    <None Include="Assets\Shader\inc_BasicShader.hlsli">
      <Filter>Assets\Shader</Filter>
    </None>
  </ItemGroup>
  <ItemGroup>
    <Filter Include="Src">
      <UniqueIdentifier>{88969c32-ce07-49b1-8ccc-dbdab5775fb8}</UniqueIdentifier>
    </Filter>
    <Filter Include="Src\Graphics">
      <UniqueIdentifier>{b0b2bf3d-f91a-4f40-85bf-b74b77a620aa}</UniqueIdentifier>
    </Filter>
    <Filter Include="Src\Graphics\Heap">
      <UniqueIdentifier>{5a2110e3-e627-4251-b90a-3ec233265bb2}</UniqueIdentifier>
    </Filter>
    <Filter Include="Src\Graphics\Heap\CBVSRVUAVHeap">
      <UniqueIdentifier>{dd5d2703-cf6c-4405-adb0-567e37669f49}</UniqueIdentifier>
    </Filter>
    <Filter Include="Src\Graphics\Heap\RTVHeap">
      <UniqueIdentifier>{e3b68b5f-d0b9-4c76-b4f9-541cd5449b6e}</UniqueIdentifier>
    </Filter>
    <Filter Include="Src\Graphics\Mesh">
      <UniqueIdentifier>{d15fe3cd-b233-4b11-8b9d-f05a10afa01b}</UniqueIdentifier>
    </Filter>
    <Filter Include="Src\Graphics\Shader">
      <UniqueIdentifier>{5033572e-a24a-4d03-9ee8-cf703ed37f89}</UniqueIdentifier>
    </Filter>
    <Filter Include="Src\Graphics\Shader\Pipeline">
      <UniqueIdentifier>{5b5baed8-32f7-4742-a48d-70c34aaf89be}</UniqueIdentifier>
    </Filter>
    <Filter Include="Src\Graphics\Shader\RootSignature">
      <UniqueIdentifier>{6e792390-5e73-44bf-9c93-7cb3ab1c6855}</UniqueIdentifier>
    </Filter>
    <Filter Include="Src\Window">
      <UniqueIdentifier>{32d238e4-ad05-4485-b8c4-62370fa9ac50}</UniqueIdentifier>
    </Filter>
    <Filter Include="Assets">
      <UniqueIdentifier>{bfabf877-2997-48ea-b2b2-7629378bcdb1}</UniqueIdentifier>
    </Filter>
    <Filter Include="Assets\Shader">
      <UniqueIdentifier>{ccf376ad-86b8-4843-9923-fa937a9b848f}</UniqueIdentifier>
    </Filter>
  </ItemGroup>
</Project>