<?xml version="1.0" encoding="utf-8"?>
<Project ToolsVersion="4.0" xmlns="http://schemas.microsoft.com/developer/msbuild/2003">
  <ItemGroup>
    <ClInclude Include="Src\Pch.h">
      <Filter>Src</Filter>
    </ClInclude>
    <ClInclude Include="Src\Graphics\CBufferAllocator\CBufferAllocator.h">
      <Filter>Src\Graphics\CBufferAllocator</Filter>
    </ClInclude>
    <ClInclude Include="Src\Graphics\CBufferAllocator\CBufferData\CBufferData.h">
      <Filter>Src\Graphics\CBufferAllocator\CBufferData</Filter>
    </ClInclude>
    <ClInclude Include="Src\Graphics\GraphicsDevice.h">
      <Filter>Src\Graphics</Filter>
    </ClInclude>
    <ClInclude Include="Src\Graphics\Model\Model.h">
      <Filter>Src\Graphics\Model</Filter>
    </ClInclude>
    <ClInclude Include="Src\Graphics\Model\ModelLoader.h">
      <Filter>Src\Graphics\Model</Filter>
    </ClInclude>
    <ClInclude Include="Src\Graphics\Texture\Texture.h">
      <Filter>Src\Graphics\Texture</Filter>
    </ClInclude>
    <ClInclude Include="Src\Graphics\Heap\Heap.h">
      <Filter>Src\Graphics\Heap</Filter>
    </ClInclude>
    <ClInclude Include="Src\Graphics\Heap\CBVSRVUAVHeap\CBVSRVUAVHeap.h">
      <Filter>Src\Graphics\Heap\CBVSRVUAVHeap</Filter>
    </ClInclude>
    <ClInclude Include="Src\Graphics\Heap\RTVHeap\RTVHeap.h">
      <Filter>Src\Graphics\Heap\RTVHeap</Filter>
    </ClInclude>
    <ClInclude Include="Src\Graphics\Mesh\Mesh.h">
      <Filter>Src\Graphics\Mesh</Filter>
    </ClInclude>
    <ClInclude Include="Src\Graphics\Mesh\MeshData\MeshData.h">
      <Filter>Src\Graphics\Mesh\MeshData</Filter>
    </ClInclude>
    <ClInclude Include="Src\Graphics\Shader\Shader.h">
      <Filter>Src\Graphics\Shader</Filter>
    </ClInclude>
    <ClInclude Include="Src\Graphics\Shader\Pipeline\Pipeline.h">
      <Filter>Src\Graphics\Shader\Pipeline</Filter>
    </ClInclude>
    <ClInclude Include="Src\Graphics\Shader\RootSignature\RootSignature.h">
      <Filter>Src\Graphics\Shader\RootSignature</Filter>
    </ClInclude>
    <ClInclude Include="Src\Window\WindowsWindow.h">
      <Filter>Src\Window</Filter>
    </ClInclude>
  </ItemGroup>
  <ItemGroup>
    <ClCompile Include="Src\main.cpp">
      <Filter>Src</Filter>
    </ClCompile>
    <ClCompile Include="Src\Pch.cpp">
      <Filter>Src</Filter>
    </ClCompile>
    <ClCompile Include="Src\Graphics\CBufferAllocator\CBufferAllocator.cpp">
      <Filter>Src\Graphics\CBufferAllocator</Filter>
    </ClCompile>
    <ClCompile Include="Src\Graphics\GraphicsDevice.cpp">
      <Filter>Src\Graphics</Filter>
    </ClCompile>
    <ClCompile Include="Src\Graphics\Model\Model.cpp">
      <Filter>Src\Graphics\Model</Filter>
    </ClCompile>
    <ClCompile Include="Src\Graphics\Model\ModelLoader.cpp">
      <Filter>Src\Graphics\Model</Filter>
    </ClCompile>
    <ClCompile Include="Src\Graphics\Texture\Texture.cpp">
      <Filter>Src\Graphics\Texture</Filter>
    </ClCompile>
    <ClCompile Include="Src\Graphics\Heap\CBVSRVUAVHeap\CBVSRVUAVHeap.cpp">
      <Filter>Src\Graphics\Heap\CBVSRVUAVHeap</Filter>
    </ClCompile>
    <ClCompile Include="Src\Graphics\Heap\RTVHeap\RTVHeap.cpp">
      <Filter>Src\Graphics\Heap\RTVHeap</Filter>
    </ClCompile>
    <ClCompile Include="Src\Graphics\Mesh\Mesh.cpp">
      <Filter>Src\Graphics\Mesh</Filter>
    </ClCompile>
    <ClCompile Include="Src\Graphics\Shader\Shader.cpp">
      <Filter>Src\Graphics\Shader</Filter>
    </ClCompile>
    <ClCompile Include="Src\Graphics\Shader\Pipeline\Pipeline.cpp">
      <Filter>Src\Graphics\Shader\Pipeline</Filter>
    </ClCompile>
    <ClCompile Include="Src\Graphics\Shader\RootSignature\RootSignature.cpp">
      <Filter>Src\Graphics\Shader\RootSignature</Filter>
    </ClCompile>
    <ClCompile Include="Src\Window\WindowsWindow.cpp">
      <Filter>Src\Window</Filter>
    </ClCompile>
  </ItemGroup>
  <ItemGroup>
    <FxCompile Include="Assets\Shader\BasicShader_PS.hlsl">
      <Filter>Assets\Shader</Filter>
    </FxCompile>
    <FxCompile Include="Assets\Shader\BasicShader_VS.hlsl">
      <Filter>Assets\Shader</Filter>
    </FxCompile>
  </ItemGroup>
  <ItemGroup>
    <None Include="packages.config" />
    <None Include="Assets\Shader\inc_BasicShader.hlsli">
      <Filter>Assets\Shader</Filter>
    </None>
  </ItemGroup>
  <ItemGroup>
    <Filter Include="Src">
      <UniqueIdentifier>{06c705ae-b739-42de-aafb-2ef2289fd42a}</UniqueIdentifier>
    </Filter>
    <Filter Include="Src\Graphics">
      <UniqueIdentifier>{9484f5ec-90bd-4bca-9c1b-9814bff5bdd7}</UniqueIdentifier>
    </Filter>
    <Filter Include="Src\Graphics\CBufferAllocator">
      <UniqueIdentifier>{cc3fcd2d-7037-43bf-a078-5035e8f45c2b}</UniqueIdentifier>
    </Filter>
    <Filter Include="Src\Graphics\Model">
      <UniqueIdentifier>{c6349894-7403-4f93-bffc-ff9aa2eeb1c7}</UniqueIdentifier>
    </Filter>
    <Filter Include="Src\Graphics\Texture">
      <UniqueIdentifier>{a9814c38-905d-448a-87b5-246aff08c179}</UniqueIdentifier>
    </Filter>
    <Filter Include="Src\Graphics\CBufferAllocator\CBufferData">
      <UniqueIdentifier>{ffe0b62f-2802-4d7a-9a7d-a9d0e0b4e5db}</UniqueIdentifier>
    </Filter>
    <Filter Include="Src\Graphics\Heap">
      <UniqueIdentifier>{9475b844-1e0d-49ca-92a4-e13412187d95}</UniqueIdentifier>
    </Filter>
    <Filter Include="Src\Graphics\Heap\CBVSRVUAVHeap">
      <UniqueIdentifier>{17e8f630-d3d0-4784-a966-4d987cc85fe6}</UniqueIdentifier>
    </Filter>
    <Filter Include="Src\Graphics\Heap\RTVHeap">
      <UniqueIdentifier>{e9728a0f-704e-4f0a-8d3c-21662276272a}</UniqueIdentifier>
    </Filter>
    <Filter Include="Src\Graphics\Mesh">
      <UniqueIdentifier>{52866539-e9aa-4d4e-ade6-8f93dad97206}</UniqueIdentifier>
    </Filter>
    <Filter Include="Src\Graphics\Mesh\MeshData">
      <UniqueIdentifier>{5783e336-3912-44d7-a380-7265c15d9318}</UniqueIdentifier>
    </Filter>
    <Filter Include="Src\Graphics\Shader">
      <UniqueIdentifier>{f5172bc1-4613-4683-8a53-14c3ef5e2412}</UniqueIdentifier>
    </Filter>
    <Filter Include="Src\Graphics\Shader\Pipeline">
      <UniqueIdentifier>{db6e0455-7cbf-4b82-82a0-dfb3524c2375}</UniqueIdentifier>
    </Filter>
    <Filter Include="Src\Graphics\Shader\RootSignature">
      <UniqueIdentifier>{f0a91612-8164-4edc-87d8-f63d93a3d425}</UniqueIdentifier>
    </Filter>
    <Filter Include="Src\Window">
      <UniqueIdentifier>{f1791bb8-cf82-4df2-b7a7-2f9f9e12a24a}</UniqueIdentifier>
    </Filter>
    <Filter Include="Assets">
      <UniqueIdentifier>{aec85977-546d-4f13-8535-dfed38b2f437}</UniqueIdentifier>
    </Filter>
    <Filter Include="Assets\Shader">
      <UniqueIdentifier>{ed38f599-9152-4120-964c-dd44b3a93b8d}</UniqueIdentifier>
    </Filter>
  </ItemGroup>
</Project>