<?xml version="1.0" encoding="utf-8"?>
<Project ToolsVersion="4.0" xmlns="http://schemas.microsoft.com/developer/msbuild/2003">
  <ItemGroup>
    <Filter Include="Src">
      <UniqueIdentifier>{2f1c0952-f702-4726-b8e6-e58b7e81056d}</UniqueIdentifier>
    </Filter>
    <Filter Include="Src\GUID">
      <UniqueIdentifier>{778228f9-73b0-4be1-86dd-3d6ff73a92bc}</UniqueIdentifier>
    </Filter>
  </ItemGroup>
  <ItemGroup>
    <ClCompile Include="Src\main.cpp">
      <Filter>Src</Filter>
    </ClCompile>
  </ItemGroup>
  <ItemGroup>
    <ClInclude Include="Src\GUID\Guid.h">
      <Filter>Src\GUID</Filter>
    </ClInclude>
  </ItemGroup>
</Project>