
Microsoft Visual Studio Solution File, Format Version 12.00
# Visual Studio Version 17
VisualStudioVersion = 17.13.35931.197
MinimumVisualStudioVersion = 10.0.40219.1
Project("{8BC9CEB8-8B4A-11D0-8D11-00A0C91BC942}") = "Practice", "Practice.vcxproj", "{21B01E22-B92E-4332-BAEE-97F28FE25F50}"
EndProject
Project("{8BC9CEB8-8B4A-11D0-8D11-00A0C91BC942}") = "DllClient", "Src\Project\DllClient\DllClient.vcxproj", "{97F83867-4066-4256-A2DA-2FAF7A4B38E9}"
EndProject
Global
	GlobalSection(SolutionConfigurationPlatforms) = preSolution
		Debug|x64 = Debug|x64
		Debug|x86 = Debug|x86
		Release|x64 = Release|x64
		Release|x86 = Release|x86
	EndGlobalSection
	GlobalSection(ProjectConfigurationPlatforms) = postSolution
		{21B01E22-B92E-4332-BAEE-97F28FE25F50}.Debug|x64.ActiveCfg = Debug|x64
		{21B01E22-B92E-4332-BAEE-97F28FE25F50}.Debug|x64.Build.0 = Debug|x64
		{21B01E22-B92E-4332-BAEE-97F28FE25F50}.Debug|x86.ActiveCfg = Debug|Win32
		{21B01E22-B92E-4332-BAEE-97F28FE25F50}.Debug|x86.Build.0 = Debug|Win32
		{21B01E22-B92E-4332-BAEE-97F28FE25F50}.Release|x64.ActiveCfg = Release|x64
		{21B01E22-B92E-4332-BAEE-97F28FE25F50}.Release|x64.Build.0 = Release|x64
		{21B01E22-B92E-4332-BAEE-97F28FE25F50}.Release|x86.ActiveCfg = Release|Win32
		{21B01E22-B92E-4332-BAEE-97F28FE25F50}.Release|x86.Build.0 = Release|Win32
		{97F83867-4066-4256-A2DA-2FAF7A4B38E9}.Debug|x64.ActiveCfg = Debug|x64
		{97F83867-4066-4256-A2DA-2FAF7A4B38E9}.Debug|x64.Build.0 = Debug|x64
		{97F83867-4066-4256-A2DA-2FAF7A4B38E9}.Debug|x86.ActiveCfg = Debug|Win32
		{97F83867-4066-4256-A2DA-2FAF7A4B38E9}.Debug|x86.Build.0 = Debug|Win32
		{97F83867-4066-4256-A2DA-2FAF7A4B38E9}.Release|x64.ActiveCfg = Release|x64
		{97F83867-4066-4256-A2DA-2FAF7A4B38E9}.Release|x64.Build.0 = Release|x64
		{97F83867-4066-4256-A2DA-2FAF7A4B38E9}.Release|x86.ActiveCfg = Release|Win32
		{97F83867-4066-4256-A2DA-2FAF7A4B38E9}.Release|x86.Build.0 = Release|Win32
	EndGlobalSection
	GlobalSection(SolutionProperties) = preSolution
		HideSolutionNode = FALSE
	EndGlobalSection
	GlobalSection(ExtensibilityGlobals) = postSolution
		SolutionGuid = {20CA990E-C5FD-4E27-B75A-0227994E730A}
	EndGlobalSection
EndGlobal
